
Microsoft Visual Studio Solution File, Format Version 12.00
# Visual Studio 15
VisualStudioVersion = 15.0.27004.2009
MinimumVisualStudioVersion = 10.0.40219.1
Project("{FAE04EC0-301F-11D3-BF4B-00C04F79EFBC}") = "RESTCatchService", "RESTCatchService\RESTCatchService.csproj", "{66BE82AD-2CA1-4258-A8C2-EDBBE39DED96}"
EndProject
Global
	GlobalSection(SolutionConfigurationPlatforms) = preSolution
		Debug|Any CPU = Debug|Any CPU
		Release|Any CPU = Release|Any CPU
	EndGlobalSection
	GlobalSection(ProjectConfigurationPlatforms) = postSolution
		{66BE82AD-2CA1-4258-A8C2-EDBBE39DED96}.Debug|Any CPU.ActiveCfg = Debug|Any CPU
		{66BE82AD-2CA1-4258-A8C2-EDBBE39DED96}.Debug|Any CPU.Build.0 = Debug|Any CPU
		{66BE82AD-2CA1-4258-A8C2-EDBBE39DED96}.Release|Any CPU.ActiveCfg = Release|Any CPU
		{66BE82AD-2CA1-4258-A8C2-EDBBE39DED96}.Release|Any CPU.Build.0 = Release|Any CPU
	EndGlobalSection
	GlobalSection(SolutionProperties) = preSolution
		HideSolutionNode = FALSE
	EndGlobalSection
	GlobalSection(ExtensibilityGlobals) = postSolution
		SolutionGuid = {99A799F1-36C4-4657-B0AA-0AEF563BC551}
	EndGlobalSection
EndGlobal
